// !$*UTF8*$!
{
	archiveVersion = 1;
	classes = {
	};
	objectVersion = 56;
	objects = {

/* Begin PBXBuildFile section */
		B661C9F828FDCF15007DDCAE /* BottleBrain.swift in Sources */ = {isa = PBXBuildFile; fileRef = B661C9F728FDCF15007DDCAE /* BottleBrain.swift */; };
		B6FE79BB28FD69640048C33C /* AppDelegate.swift in Sources */ = {isa = PBXBuildFile; fileRef = B6FE79BA28FD69640048C33C /* AppDelegate.swift */; };
		B6FE79BD28FD69640048C33C /* SceneDelegate.swift in Sources */ = {isa = PBXBuildFile; fileRef = B6FE79BC28FD69640048C33C /* SceneDelegate.swift */; };
		B6FE79BF28FD69640048C33C /* ViewController.swift in Sources */ = {isa = PBXBuildFile; fileRef = B6FE79BE28FD69640048C33C /* ViewController.swift */; };
		B6FE79C228FD69640048C33C /* Main.storyboard in Resources */ = {isa = PBXBuildFile; fileRef = B6FE79C028FD69640048C33C /* Main.storyboard */; };
		B6FE79C428FD69660048C33C /* Assets.xcassets in Resources */ = {isa = PBXBuildFile; fileRef = B6FE79C328FD69660048C33C /* Assets.xcassets */; };
		B6FE79C728FD69660048C33C /* LaunchScreen.storyboard in Resources */ = {isa = PBXBuildFile; fileRef = B6FE79C528FD69660048C33C /* LaunchScreen.storyboard */; };
/* End PBXBuildFile section */

/* Begin PBXFileReference section */
		B661C9F728FDCF15007DDCAE /* BottleBrain.swift */ = {isa = PBXFileReference; lastKnownFileType = sourcecode.swift; path = BottleBrain.swift; sourceTree = "<group>"; };
		B6FE79B728FD69640048C33C /* Bottle game.app */ = {isa = PBXFileReference; explicitFileType = wrapper.application; includeInIndex = 0; path = "Bottle game.app"; sourceTree = BUILT_PRODUCTS_DIR; };
		B6FE79BA28FD69640048C33C /* AppDelegate.swift */ = {isa = PBXFileReference; lastKnownFileType = sourcecode.swift; path = AppDelegate.swift; sourceTree = "<group>"; };
		B6FE79BC28FD69640048C33C /* SceneDelegate.swift */ = {isa = PBXFileReference; lastKnownFileType = sourcecode.swift; path = SceneDelegate.swift; sourceTree = "<group>"; };
		B6FE79BE28FD69640048C33C /* ViewController.swift */ = {isa = PBXFileReference; lastKnownFileType = sourcecode.swift; path = ViewController.swift; sourceTree = "<group>"; };
		B6FE79C128FD69640048C33C /* Base */ = {isa = PBXFileReference; lastKnownFileType = file.storyboard; name = Base; path = Base.lproj/Main.storyboard; sourceTree = "<group>"; };
		B6FE79C328FD69660048C33C /* Assets.xcassets */ = {isa = PBXFileReference; lastKnownFileType = folder.assetcatalog; path = Assets.xcassets; sourceTree = "<group>"; };
		B6FE79C628FD69660048C33C /* Base */ = {isa = PBXFileReference; lastKnownFileType = file.storyboard; name = Base; path = Base.lproj/LaunchScreen.storyboard; sourceTree = "<group>"; };
		B6FE79C828FD69660048C33C /* Info.plist */ = {isa = PBXFileReference; lastKnownFileType = text.plist.xml; path = Info.plist; sourceTree = "<group>"; };
/* End PBXFileReference section */

/* Begin PBXFrameworksBuildPhase section */
		B6FE79B428FD69640048C33C /* Frameworks */ = {
			isa = PBXFrameworksBuildPhase;
			buildActionMask = 2147483647;
			files = (
			);
			runOnlyForDeploymentPostprocessing = 0;
		};
/* End PBXFrameworksBuildPhase section */

/* Begin PBXGroup section */
		B661C9F428FDCEDA007DDCAE /* Controller */ = {
			isa = PBXGroup;
			children = (
				B6FE79BE28FD69640048C33C /* ViewController.swift */,
			);
			path = Controller;
			sourceTree = "<group>";
		};
		B661C9F528FDCEEB007DDCAE /* View */ = {
			isa = PBXGroup;
			children = (
				B6FE79C028FD69640048C33C /* Main.storyboard */,
			);
			path = View;
			sourceTree = "<group>";
		};
		B661C9F628FDCEFC007DDCAE /* Model */ = {
			isa = PBXGroup;
			children = (
				B661C9F728FDCF15007DDCAE /* BottleBrain.swift */,
			);
			path = Model;
			sourceTree = "<group>";
		};
		B6FE79AE28FD69630048C33C = {
			isa = PBXGroup;
			children = (
				B6FE79B928FD69640048C33C /* Bottle game */,
				B6FE79B828FD69640048C33C /* Products */,
			);
			sourceTree = "<group>";
		};
		B6FE79B828FD69640048C33C /* Products */ = {
			isa = PBXGroup;
			children = (
				B6FE79B728FD69640048C33C /* Bottle game.app */,
			);
			name = Products;
			sourceTree = "<group>";
		};
		B6FE79B928FD69640048C33C /* Bottle game */ = {
			isa = PBXGroup;
			children = (
				B6FE79BA28FD69640048C33C /* AppDelegate.swift */,
				B6FE79BC28FD69640048C33C /* SceneDelegate.swift */,
				B661C9F628FDCEFC007DDCAE /* Model */,
				B661C9F428FDCEDA007DDCAE /* Controller */,
				B661C9F528FDCEEB007DDCAE /* View */,
				B6FE79C328FD69660048C33C /* Assets.xcassets */,
				B6FE79C528FD69660048C33C /* LaunchScreen.storyboard */,
				B6FE79C828FD69660048C33C /* Info.plist */,
			);
			path = "Bottle game";
			sourceTree = "<group>";
		};
/* End PBXGroup section */

/* Begin PBXNativeTarget section */
		B6FE79B628FD69640048C33C /* Bottle game */ = {
			isa = PBXNativeTarget;
			buildConfigurationList = B6FE79CB28FD69660048C33C /* Build configuration list for PBXNativeTarget "Bottle game" */;
			buildPhases = (
				B6FE79B328FD69640048C33C /* Sources */,
				B6FE79B428FD69640048C33C /* Frameworks */,
				B6FE79B528FD69640048C33C /* Resources */,
			);
			buildRules = (
			);
			dependencies = (
			);
			name = "Bottle game";
			productName = "Bottle game";
			productReference = B6FE79B728FD69640048C33C /* Bottle game.app */;
			productType = "com.apple.product-type.application";
		};
/* End PBXNativeTarget section */

/* Begin PBXProject section */
		B6FE79AF28FD69630048C33C /* Project object */ = {
			isa = PBXProject;
			attributes = {
				BuildIndependentTargetsInParallel = 1;
				LastSwiftUpdateCheck = 1400;
				LastUpgradeCheck = 1400;
				TargetAttributes = {
					B6FE79B628FD69640048C33C = {
						CreatedOnToolsVersion = 14.0.1;
					};
				};
			};
			buildConfigurationList = B6FE79B228FD69630048C33C /* Build configuration list for PBXProject "Bottle game" */;
			compatibilityVersion = "Xcode 14.0";
			developmentRegion = en;
			hasScannedForEncodings = 0;
			knownRegions = (
				en,
				Base,
			);
			mainGroup = B6FE79AE28FD69630048C33C;
			productRefGroup = B6FE79B828FD69640048C33C /* Products */;
			projectDirPath = "";
			projectRoot = "";
			targets = (
				B6FE79B628FD69640048C33C /* Bottle game */,
			);
		};
/* End PBXProject section */

/* Begin PBXResourcesBuildPhase section */
		B6FE79B528FD69640048C33C /* Resources */ = {
			isa = PBXResourcesBuildPhase;
			buildActionMask = 2147483647;
			files = (
				B6FE79C728FD69660048C33C /* LaunchScreen.storyboard in Resources */,
				B6FE79C428FD69660048C33C /* Assets.xcassets in Resources */,
				B6FE79C228FD69640048C33C /* Main.storyboard in Resources */,
			);
			runOnlyForDeploymentPostprocessing = 0;
		};
/* End PBXResourcesBuildPhase section */

/* Begin PBXSourcesBuildPhase section */
		B6FE79B328FD69640048C33C /* Sources */ = {
			isa = PBXSourcesBuildPhase;
			buildActionMask = 2147483647;
			files = (
				B6FE79BF28FD69640048C33C /* ViewController.swift in Sources */,
				B6FE79BB28FD69640048C33C /* AppDelegate.swift in Sources */,
				B661C9F828FDCF15007DDCAE /* BottleBrain.swift in Sources */,
				B6FE79BD28FD69640048C33C /* SceneDelegate.swift in Sources */,
			);
			runOnlyForDeploymentPostprocessing = 0;
		};
/* End PBXSourcesBuildPhase section */

/* Begin PBXVariantGroup section */
		B6FE79C028FD69640048C33C /* Main.storyboard */ = {
			isa = PBXVariantGroup;
			children = (
				B6FE79C128FD69640048C33C /* Base */,
			);
			name = Main.storyboard;
			sourceTree = "<group>";
		};
		B6FE79C528FD69660048C33C /* LaunchScreen.storyboard */ = {
			isa = PBXVariantGroup;
			children = (
				B6FE79C628FD69660048C33C /* Base */,
			);
			name = LaunchScreen.storyboard;
			sourceTree = "<group>";
		};
/* End PBXVariantGroup section */

/* Begin XCBuildConfiguration section */
		B6FE79C928FD69660048C33C /* Debug */ = {
			isa = XCBuildConfiguration;
			buildSettings = {
				ALWAYS_SEARCH_USER_PATHS = NO;
				CLANG_ANALYZER_NONNULL = YES;
				CLANG_ANALYZER_NUMBER_OBJECT_CONVERSION = YES_AGGRESSIVE;
				CLANG_CXX_LANGUAGE_STANDARD = "gnu++20";
				CLANG_ENABLE_MODULES = YES;
				CLANG_ENABLE_OBJC_ARC = YES;
				CLANG_ENABLE_OBJC_WEAK = YES;
				CLANG_WARN_BLOCK_CAPTURE_AUTORELEASING = YES;
				CLANG_WARN_BOOL_CONVERSION = YES;
				CLANG_WARN_COMMA = YES;
				CLANG_WARN_CONSTANT_CONVERSION = YES;
				CLANG_WARN_DEPRECATED_OBJC_IMPLEMENTATIONS = YES;
				CLANG_WARN_DIRECT_OBJC_ISA_USAGE = YES_ERROR;
				CLANG_WARN_DOCUMENTATION_COMMENTS = YES;
				CLANG_WARN_EMPTY_BODY = YES;
				CLANG_WARN_ENUM_CONVERSION = YES;
				CLANG_WARN_INFINITE_RECURSION = YES;
				CLANG_WARN_INT_CONVERSION = YES;
				CLANG_WARN_NON_LITERAL_NULL_CONVERSION = YES;
				CLANG_WARN_OBJC_IMPLICIT_RETAIN_SELF = YES;
				CLANG_WARN_OBJC_LITERAL_CONVERSION = YES;
				CLANG_WARN_OBJC_ROOT_CLASS = YES_ERROR;
				CLANG_WARN_QUOTED_INCLUDE_IN_FRAMEWORK_HEADER = YES;
				CLANG_WARN_RANGE_LOOP_ANALYSIS = YES;
				CLANG_WARN_STRICT_PROTOTYPES = YES;
				CLANG_WARN_SUSPICIOUS_MOVE = YES;
				CLANG_WARN_UNGUARDED_AVAILABILITY = YES_AGGRESSIVE;
				CLANG_WARN_UNREACHABLE_CODE = YES;
				CLANG_WARN__DUPLICATE_METHOD_MATCH = YES;
				COPY_PHASE_STRIP = NO;
				DEBUG_INFORMATION_FORMAT = dwarf;
				ENABLE_STRICT_OBJC_MSGSEND = YES;
				ENABLE_TESTABILITY = YES;
				GCC_C_LANGUAGE_STANDARD = gnu11;
				GCC_DYNAMIC_NO_PIC = NO;
				GCC_NO_COMMON_BLOCKS = YES;
				GCC_OPTIMIZATION_LEVEL = 0;
				GCC_PREPROCESSOR_DEFINITIONS = (
					"DEBUG=1",
					"$(inherited)",
				);
				GCC_WARN_64_TO_32_BIT_CONVERSION = YES;
				GCC_WARN_ABOUT_RETURN_TYPE = YES_ERROR;
				GCC_WARN_UNDECLARED_SELECTOR = YES;
				GCC_WARN_UNINITIALIZED_AUTOS = YES_AGGRESSIVE;
				GCC_WARN_UNUSED_FUNCTION = YES;
				GCC_WARN_UNUSED_VARIABLE = YES;
				IPHONEOS_DEPLOYMENT_TARGET = 16.0;
				MTL_ENABLE_DEBUG_INFO = INCLUDE_SOURCE;
				MTL_FAST_MATH = YES;
				ONLY_ACTIVE_ARCH = YES;
				SDKROOT = iphoneos;
				SWIFT_ACTIVE_COMPILATION_CONDITIONS = DEBUG;
				SWIFT_OPTIMIZATION_LEVEL = "-Onone";
			};
			name = Debug;
		};
		B6FE79CA28FD69660048C33C /* Release */ = {
			isa = XCBuildConfiguration;
			buildSettings = {
				ALWAYS_SEARCH_USER_PATHS = NO;
				CLANG_ANALYZER_NONNULL = YES;
				CLANG_ANALYZER_NUMBER_OBJECT_CONVERSION = YES_AGGRESSIVE;
				CLANG_CXX_LANGUAGE_STANDARD = "gnu++20";
				CLANG_ENABLE_MODULES = YES;
				CLANG_ENABLE_OBJC_ARC = YES;
				CLANG_ENABLE_OBJC_WEAK = YES;
				CLANG_WARN_BLOCK_CAPTURE_AUTORELEASING = YES;
				CLANG_WARN_BOOL_CONVERSION = YES;
				CLANG_WARN_COMMA = YES;
				CLANG_WARN_CONSTANT_CONVERSION = YES;
				CLANG_WARN_DEPRECATED_OBJC_IMPLEMENTATIONS = YES;
				CLANG_WARN_DIRECT_OBJC_ISA_USAGE = YES_ERROR;
				CLANG_WARN_DOCUMENTATION_COMMENTS = YES;
				CLANG_WARN_EMPTY_BODY = YES;
				CLANG_WARN_ENUM_CONVERSION = YES;
				CLANG_WARN_INFINITE_RECURSION = YES;
				CLANG_WARN_INT_CONVERSION = YES;
				CLANG_WARN_NON_LITERAL_NULL_CONVERSION = YES;
				CLANG_WARN_OBJC_IMPLICIT_RETAIN_SELF = YES;
				CLANG_WARN_OBJC_LITERAL_CONVERSION = YES;
				CLANG_WARN_OBJC_ROOT_CLASS = YES_ERROR;
				CLANG_WARN_QUOTED_INCLUDE_IN_FRAMEWORK_HEADER = YES;
				CLANG_WARN_RANGE_LOOP_ANALYSIS = YES;
				CLANG_WARN_STRICT_PROTOTYPES = YES;
				CLANG_WARN_SUSPICIOUS_MOVE = YES;
				CLANG_WARN_UNGUARDED_AVAILABILITY = YES_AGGRESSIVE;
				CLANG_WARN_UNREACHABLE_CODE = YES;
				CLANG_WARN__DUPLICATE_METHOD_MATCH = YES;
				COPY_PHASE_STRIP = NO;
				DEBUG_INFORMATION_FORMAT = "dwarf-with-dsym";
				ENABLE_NS_ASSERTIONS = NO;
				ENABLE_STRICT_OBJC_MSGSEND = YES;
				GCC_C_LANGUAGE_STANDARD = gnu11;
				GCC_NO_COMMON_BLOCKS = YES;
				GCC_WARN_64_TO_32_BIT_CONVERSION = YES;
				GCC_WARN_ABOUT_RETURN_TYPE = YES_ERROR;
				GCC_WARN_UNDECLARED_SELECTOR = YES;
				GCC_WARN_UNINITIALIZED_AUTOS = YES_AGGRESSIVE;
				GCC_WARN_UNUSED_FUNCTION = YES;
				GCC_WARN_UNUSED_VARIABLE = YES;
				IPHONEOS_DEPLOYMENT_TARGET = 16.0;
				MTL_ENABLE_DEBUG_INFO = NO;
				MTL_FAST_MATH = YES;
				SDKROOT = iphoneos;
				SWIFT_COMPILATION_MODE = wholemodule;
				SWIFT_OPTIMIZATION_LEVEL = "-O";
				VALIDATE_PRODUCT = YES;
			};
			name = Release;
		};
		B6FE79CC28FD69660048C33C /* Debug */ = {
			isa = XCBuildConfiguration;
			buildSettings = {
				ASSETCATALOG_COMPILER_APPICON_NAME = AppIcon;
				ASSETCATALOG_COMPILER_GLOBAL_ACCENT_COLOR_NAME = AccentColor;
				CODE_SIGN_STYLE = Automatic;
				CURRENT_PROJECT_VERSION = 1;
				DEVELOPMENT_TEAM = 9DN785WC7K;
				GENERATE_INFOPLIST_FILE = YES;
				INFOPLIST_FILE = "Bottle game/Info.plist";
				INFOPLIST_KEY_UIApplicationSupportsIndirectInputEvents = YES;
				INFOPLIST_KEY_UILaunchStoryboardName = LaunchScreen;
				INFOPLIST_KEY_UIMainStoryboardFile = Main;
				INFOPLIST_KEY_UISupportedInterfaceOrientations_iPad = "UIInterfaceOrientationPortrait UIInterfaceOrientationPortraitUpsideDown UIInterfaceOrientationLandscapeLeft UIInterfaceOrientationLandscapeRight";
				INFOPLIST_KEY_UISupportedInterfaceOrientations_iPhone = "UIInterfaceOrientationPortrait UIInterfaceOrientationLandscapeLeft UIInterfaceOrientationLandscapeRight";
				LD_RUNPATH_SEARCH_PATHS = (
					"$(inherited)",
					"@executable_path/Frameworks",
				);
				MARKETING_VERSION = 1.0;
				PRODUCT_BUNDLE_IDENTIFIER = "nomeD3tihW.Bottle-game";
				PRODUCT_NAME = "$(TARGET_NAME)";
				SWIFT_EMIT_LOC_STRINGS = YES;
				SWIFT_VERSION = 5.0;
				TARGETED_DEVICE_FAMILY = "1,2";
			};
			name = Debug;
		};
		B6FE79CD28FD69660048C33C /* Release */ = {
			isa = XCBuildConfiguration;
			buildSettings = {
				ASSETCATALOG_COMPILER_APPICON_NAME = AppIcon;
				ASSETCATALOG_COMPILER_GLOBAL_ACCENT_COLOR_NAME = AccentColor;
				CODE_SIGN_STYLE = Automatic;
				CURRENT_PROJECT_VERSION = 1;
				DEVELOPMENT_TEAM = 9DN785WC7K;
				GENERATE_INFOPLIST_FILE = YES;
				INFOPLIST_FILE = "Bottle game/Info.plist";
				INFOPLIST_KEY_UIApplicationSupportsIndirectInputEvents = YES;
				INFOPLIST_KEY_UILaunchStoryboardName = LaunchScreen;
				INFOPLIST_KEY_UIMainStoryboardFile = Main;
				INFOPLIST_KEY_UISupportedInterfaceOrientations_iPad = "UIInterfaceOrientationPortrait UIInterfaceOrientationPortraitUpsideDown UIInterfaceOrientationLandscapeLeft UIInterfaceOrientationLandscapeRight";
				INFOPLIST_KEY_UISupportedInterfaceOrientations_iPhone = "UIInterfaceOrientationPortrait UIInterfaceOrientationLandscapeLeft UIInterfaceOrientationLandscapeRight";
				LD_RUNPATH_SEARCH_PATHS = (
					"$(inherited)",
					"@executable_path/Frameworks",
				);
				MARKETING_VERSION = 1.0;
				PRODUCT_BUNDLE_IDENTIFIER = "nomeD3tihW.Bottle-game";
				PRODUCT_NAME = "$(TARGET_NAME)";
				SWIFT_EMIT_LOC_STRINGS = YES;
				SWIFT_VERSION = 5.0;
				TARGETED_DEVICE_FAMILY = "1,2";
			};
			name = Release;
		};
/* End XCBuildConfiguration section */

/* Begin XCConfigurationList section */
		B6FE79B228FD69630048C33C /* Build configuration list for PBXProject "Bottle game" */ = {
			isa = XCConfigurationList;
			buildConfigurations = (
				B6FE79C928FD69660048C33C /* Debug */,
				B6FE79CA28FD69660048C33C /* Release */,
			);
			defaultConfigurationIsVisible = 0;
			defaultConfigurationName = Release;
		};
		B6FE79CB28FD69660048C33C /* Build configuration list for PBXNativeTarget "Bottle game" */ = {
			isa = XCConfigurationList;
			buildConfigurations = (
				B6FE79CC28FD69660048C33C /* Debug */,
				B6FE79CD28FD69660048C33C /* Release */,
			);
			defaultConfigurationIsVisible = 0;
			defaultConfigurationName = Release;
		};
/* End XCConfigurationList section */
	};
	rootObject = B6FE79AF28FD69630048C33C /* Project object */;
}
